
Microsoft Visual Studio Solution File, Format Version 12.00
# Visual Studio Version 17
VisualStudioVersion = 17.3.32929.385
MinimumVisualStudioVersion = 10.0.40219.1
Project("{9A19103F-16F7-4668-BE54-9A1E7A4F7556}") = "BabiesFirstSorting", "BabiesFirstSorting\BabiesFirstSorting.csproj", "{3CD9D4E1-C1F0-4FAD-A497-BC33A1B725AB}"
EndProject
Project("{9A19103F-16F7-4668-BE54-9A1E7A4F7556}") = "BabiesFirstSorting.UnitTest", "BabiesFirstSorting.UnitTest\BabiesFirstSorting.UnitTest.csproj", "{33F270E9-35C0-458D-B4DB-5F90C884424E}"
EndProject
Project("{FAE04EC0-301F-11D3-BF4B-00C04F79EFBC}") = "CodingProblemsCSharp", "CodingProblemsCSharp\CodingProblemsCSharp.csproj", "{821F5AD3-90B3-414D-9FF1-43A54630EA1F}"
EndProject
Project("{FAE04EC0-301F-11D3-BF4B-00C04F79EFBC}") = "CondingProblemsCSharp.UnitTest", "CondingProblemsCSharp.UnitTest\CondingProblemsCSharp.UnitTest.csproj", "{738E121F-74BA-4C48-998F-B7FAEE360F44}"
EndProject
Global
	GlobalSection(SolutionConfigurationPlatforms) = preSolution
		Debug|Any CPU = Debug|Any CPU
		Release|Any CPU = Release|Any CPU
	EndGlobalSection
	GlobalSection(ProjectConfigurationPlatforms) = postSolution
		{3CD9D4E1-C1F0-4FAD-A497-BC33A1B725AB}.Debug|Any CPU.ActiveCfg = Debug|Any CPU
		{3CD9D4E1-C1F0-4FAD-A497-BC33A1B725AB}.Debug|Any CPU.Build.0 = Debug|Any CPU
		{3CD9D4E1-C1F0-4FAD-A497-BC33A1B725AB}.Release|Any CPU.ActiveCfg = Release|Any CPU
		{3CD9D4E1-C1F0-4FAD-A497-BC33A1B725AB}.Release|Any CPU.Build.0 = Release|Any CPU
		{33F270E9-35C0-458D-B4DB-5F90C884424E}.Debug|Any CPU.ActiveCfg = Debug|Any CPU
		{33F270E9-35C0-458D-B4DB-5F90C884424E}.Debug|Any CPU.Build.0 = Debug|Any CPU
		{33F270E9-35C0-458D-B4DB-5F90C884424E}.Release|Any CPU.ActiveCfg = Release|Any CPU
		{33F270E9-35C0-458D-B4DB-5F90C884424E}.Release|Any CPU.Build.0 = Release|Any CPU
		{821F5AD3-90B3-414D-9FF1-43A54630EA1F}.Debug|Any CPU.ActiveCfg = Debug|Any CPU
		{821F5AD3-90B3-414D-9FF1-43A54630EA1F}.Debug|Any CPU.Build.0 = Debug|Any CPU
		{821F5AD3-90B3-414D-9FF1-43A54630EA1F}.Release|Any CPU.ActiveCfg = Release|Any CPU
		{821F5AD3-90B3-414D-9FF1-43A54630EA1F}.Release|Any CPU.Build.0 = Release|Any CPU
		{738E121F-74BA-4C48-998F-B7FAEE360F44}.Debug|Any CPU.ActiveCfg = Debug|Any CPU
		{738E121F-74BA-4C48-998F-B7FAEE360F44}.Debug|Any CPU.Build.0 = Debug|Any CPU
		{738E121F-74BA-4C48-998F-B7FAEE360F44}.Release|Any CPU.ActiveCfg = Release|Any CPU
		{738E121F-74BA-4C48-998F-B7FAEE360F44}.Release|Any CPU.Build.0 = Release|Any CPU
	EndGlobalSection
	GlobalSection(SolutionProperties) = preSolution
		HideSolutionNode = FALSE
	EndGlobalSection
	GlobalSection(ExtensibilityGlobals) = postSolution
		SolutionGuid = {D4CF7046-6C5A-44DF-AB7F-9B9E4F0BE6E2}
	EndGlobalSection
EndGlobal
